
Microsoft Visual Studio Solution File, Format Version 12.00
# Visual Studio Version 17
VisualStudioVersion = 17.5.33414.496
MinimumVisualStudioVersion = 10.0.40219.1
Project("{FAE04EC0-301F-11D3-BF4B-00C04F79EFBC}") = "AkbilYntmVeriKatmani", "AkbilYntmVeriKatmani\AkbilYntmVeriKatmani.csproj", "{A3A07FE6-5189-490F-B19F-6FB833DCCB2A}"
EndProject
Project("{FAE04EC0-301F-11D3-BF4B-00C04F79EFBC}") = "AkbilYntmIsKatmani", "AkbilYntmIsKatmani\AkbilYntmIsKatmani.csproj", "{5EAB3BDC-5EFD-4B1B-B103-8A5B641BD072}"
EndProject
Project("{9A19103F-16F7-4668-BE54-9A1E7A4F7556}") = "AkbilYonetimiUI", "AkbilYonetimiUI\AkbilYonetimiUI.csproj", "{2D998330-873A-4636-B1EE-FEA7EDE1F6A6}"
EndProject
Global
	GlobalSection(SolutionConfigurationPlatforms) = preSolution
		Debug|Any CPU = Debug|Any CPU
		Release|Any CPU = Release|Any CPU
	EndGlobalSection
	GlobalSection(ProjectConfigurationPlatforms) = postSolution
		{A3A07FE6-5189-490F-B19F-6FB833DCCB2A}.Debug|Any CPU.ActiveCfg = Debug|Any CPU
		{A3A07FE6-5189-490F-B19F-6FB833DCCB2A}.Debug|Any CPU.Build.0 = Debug|Any CPU
		{A3A07FE6-5189-490F-B19F-6FB833DCCB2A}.Release|Any CPU.ActiveCfg = Release|Any CPU
		{A3A07FE6-5189-490F-B19F-6FB833DCCB2A}.Release|Any CPU.Build.0 = Release|Any CPU
		{5EAB3BDC-5EFD-4B1B-B103-8A5B641BD072}.Debug|Any CPU.ActiveCfg = Debug|Any CPU
		{5EAB3BDC-5EFD-4B1B-B103-8A5B641BD072}.Debug|Any CPU.Build.0 = Debug|Any CPU
		{5EAB3BDC-5EFD-4B1B-B103-8A5B641BD072}.Release|Any CPU.ActiveCfg = Release|Any CPU
		{5EAB3BDC-5EFD-4B1B-B103-8A5B641BD072}.Release|Any CPU.Build.0 = Release|Any CPU
		{2D998330-873A-4636-B1EE-FEA7EDE1F6A6}.Debug|Any CPU.ActiveCfg = Debug|Any CPU
		{2D998330-873A-4636-B1EE-FEA7EDE1F6A6}.Debug|Any CPU.Build.0 = Debug|Any CPU
		{2D998330-873A-4636-B1EE-FEA7EDE1F6A6}.Release|Any CPU.ActiveCfg = Release|Any CPU
		{2D998330-873A-4636-B1EE-FEA7EDE1F6A6}.Release|Any CPU.Build.0 = Release|Any CPU
	EndGlobalSection
	GlobalSection(SolutionProperties) = preSolution
		HideSolutionNode = FALSE
	EndGlobalSection
	GlobalSection(ExtensibilityGlobals) = postSolution
		SolutionGuid = {7769BB5B-6872-4BED-A3C5-2FFF31E06A90}
	EndGlobalSection
EndGlobal
